
Microsoft Visual Studio Solution File, Format Version 12.00
# Visual Studio Version 17
VisualStudioVersion = 17.6.33712.159
MinimumVisualStudioVersion = 10.0.40219.1
Project("{2150E333-8FDC-42A3-9474-1A3956D46DE8}") = "Solution Items", "Solution Items", "{35179756-0AF7-4DB3-8A47-36EA29A5EED8}"
	ProjectSection(SolutionItems) = preProject
		.editorconfig = .editorconfig
		.gitattributes = .gitattributes
		.gitignore = .gitignore
	EndProjectSection
EndProject
Project("{FAE04EC0-301F-11D3-BF4B-00C04F79EFBC}") = "CaloriesTracking.Api", "CaloriesTracking.Api\CaloriesTracking.Api.csproj", "{0D2ECF52-A80C-4ACB-A17D-9301AABEEE6B}"
EndProject
Project("{FAE04EC0-301F-11D3-BF4B-00C04F79EFBC}") = "CaloriesTracking.Common", "CaloriesTracking.Common\CaloriesTracking.Common.csproj", "{89D1F510-8875-43DB-9227-914D062FD0FF}"
EndProject
Project("{FAE04EC0-301F-11D3-BF4B-00C04F79EFBC}") = "CaloriesTracking.Entities", "CaloriesTracking.Entities\CaloriesTracking.Entities.csproj", "{DCAE9DB4-6589-4C75-BF7B-4BCAC911C9DB}"
EndProject
Project("{FAE04EC0-301F-11D3-BF4B-00C04F79EFBC}") = "CaloriesTracking.Data", "CaloriesTracking.Data\CaloriesTracking.Data.csproj", "{3C1614DA-79B5-4F74-8CA7-15B7AAE6FFDE}"
EndProject
Project("{FAE04EC0-301F-11D3-BF4B-00C04F79EFBC}") = "CaloriesTracking.Core", "CaloriesTracking.Core\CaloriesTracking.Core.csproj", "{DCE14A77-0C75-4879-96FF-73B403ACF808}"
EndProject
Global
	GlobalSection(SolutionConfigurationPlatforms) = preSolution
		Debug|Any CPU = Debug|Any CPU
		Release|Any CPU = Release|Any CPU
	EndGlobalSection
	GlobalSection(ProjectConfigurationPlatforms) = postSolution
		{0D2ECF52-A80C-4ACB-A17D-9301AABEEE6B}.Debug|Any CPU.ActiveCfg = Debug|Any CPU
		{0D2ECF52-A80C-4ACB-A17D-9301AABEEE6B}.Debug|Any CPU.Build.0 = Debug|Any CPU
		{0D2ECF52-A80C-4ACB-A17D-9301AABEEE6B}.Release|Any CPU.ActiveCfg = Release|Any CPU
		{0D2ECF52-A80C-4ACB-A17D-9301AABEEE6B}.Release|Any CPU.Build.0 = Release|Any CPU
		{89D1F510-8875-43DB-9227-914D062FD0FF}.Debug|Any CPU.ActiveCfg = Debug|Any CPU
		{89D1F510-8875-43DB-9227-914D062FD0FF}.Debug|Any CPU.Build.0 = Debug|Any CPU
		{89D1F510-8875-43DB-9227-914D062FD0FF}.Release|Any CPU.ActiveCfg = Release|Any CPU
		{89D1F510-8875-43DB-9227-914D062FD0FF}.Release|Any CPU.Build.0 = Release|Any CPU
		{DCAE9DB4-6589-4C75-BF7B-4BCAC911C9DB}.Debug|Any CPU.ActiveCfg = Debug|Any CPU
		{DCAE9DB4-6589-4C75-BF7B-4BCAC911C9DB}.Debug|Any CPU.Build.0 = Debug|Any CPU
		{DCAE9DB4-6589-4C75-BF7B-4BCAC911C9DB}.Release|Any CPU.ActiveCfg = Release|Any CPU
		{DCAE9DB4-6589-4C75-BF7B-4BCAC911C9DB}.Release|Any CPU.Build.0 = Release|Any CPU
		{3C1614DA-79B5-4F74-8CA7-15B7AAE6FFDE}.Debug|Any CPU.ActiveCfg = Debug|Any CPU
		{3C1614DA-79B5-4F74-8CA7-15B7AAE6FFDE}.Debug|Any CPU.Build.0 = Debug|Any CPU
		{3C1614DA-79B5-4F74-8CA7-15B7AAE6FFDE}.Release|Any CPU.ActiveCfg = Release|Any CPU
		{3C1614DA-79B5-4F74-8CA7-15B7AAE6FFDE}.Release|Any CPU.Build.0 = Release|Any CPU
		{DCE14A77-0C75-4879-96FF-73B403ACF808}.Debug|Any CPU.ActiveCfg = Debug|Any CPU
		{DCE14A77-0C75-4879-96FF-73B403ACF808}.Debug|Any CPU.Build.0 = Debug|Any CPU
		{DCE14A77-0C75-4879-96FF-73B403ACF808}.Release|Any CPU.ActiveCfg = Release|Any CPU
		{DCE14A77-0C75-4879-96FF-73B403ACF808}.Release|Any CPU.Build.0 = Release|Any CPU
	EndGlobalSection
	GlobalSection(SolutionProperties) = preSolution
		HideSolutionNode = FALSE
	EndGlobalSection
	GlobalSection(ExtensibilityGlobals) = postSolution
		SolutionGuid = {ACFC9494-6BB3-4F67-BD20-88DBCA8C495A}
	EndGlobalSection
EndGlobal
